
Microsoft Visual Studio Solution File, Format Version 12.00
# Visual Studio Version 16
VisualStudioVersion = 16.0.31424.327
MinimumVisualStudioVersion = 10.0.40219.1
Project("{8BC9CEB8-8B4A-11D0-8D11-00A0C91BC942}") = "P4A2", "P4A2\P4A2.vcxproj", "{702ED1C4-21B9-4DB0-98DF-FA32EB47543F}"
EndProject
Global
	GlobalSection(SolutionConfigurationPlatforms) = preSolution
		Debug|x64 = Debug|x64
		Debug|x86 = Debug|x86
		Release|x64 = Release|x64
		Release|x86 = Release|x86
	EndGlobalSection
	GlobalSection(ProjectConfigurationPlatforms) = postSolution
		{702ED1C4-21B9-4DB0-98DF-FA32EB47543F}.Debug|x64.ActiveCfg = Debug|x64
		{702ED1C4-21B9-4DB0-98DF-FA32EB47543F}.Debug|x64.Build.0 = Debug|x64
		{702ED1C4-21B9-4DB0-98DF-FA32EB47543F}.Debug|x86.ActiveCfg = Debug|Win32
		{702ED1C4-21B9-4DB0-98DF-FA32EB47543F}.Debug|x86.Build.0 = Debug|Win32
		{702ED1C4-21B9-4DB0-98DF-FA32EB47543F}.Release|x64.ActiveCfg = Release|x64
		{702ED1C4-21B9-4DB0-98DF-FA32EB47543F}.Release|x64.Build.0 = Release|x64
		{702ED1C4-21B9-4DB0-98DF-FA32EB47543F}.Release|x86.ActiveCfg = Release|Win32
		{702ED1C4-21B9-4DB0-98DF-FA32EB47543F}.Release|x86.Build.0 = Release|Win32
	EndGlobalSection
	GlobalSection(SolutionProperties) = preSolution
		HideSolutionNode = FALSE
	EndGlobalSection
	GlobalSection(ExtensibilityGlobals) = postSolution
		SolutionGuid = {39471E9A-EC45-4687-A06C-60D13FF5CB74}
	EndGlobalSection
EndGlobal
